
Microsoft Visual Studio Solution File, Format Version 12.00
# Visual Studio Version 17
VisualStudioVersion = 17.10.35013.160
MinimumVisualStudioVersion = 10.0.40219.1
Project("{FAE04EC0-301F-11D3-BF4B-00C04F79EFBC}") = "backend", "backend\backend.csproj", "{228D8AB7-EFDC-4BF3-BF06-FF1313479EC8}"
EndProject
Global
	GlobalSection(SolutionConfigurationPlatforms) = preSolution
		Debug|Any CPU = Debug|Any CPU
		Release|Any CPU = Release|Any CPU
	EndGlobalSection
	GlobalSection(ProjectConfigurationPlatforms) = postSolution
		{228D8AB7-EFDC-4BF3-BF06-FF1313479EC8}.Debug|Any CPU.ActiveCfg = Debug|Any CPU
		{228D8AB7-EFDC-4BF3-BF06-FF1313479EC8}.Debug|Any CPU.Build.0 = Debug|Any CPU
		{228D8AB7-EFDC-4BF3-BF06-FF1313479EC8}.Release|Any CPU.ActiveCfg = Release|Any CPU
		{228D8AB7-EFDC-4BF3-BF06-FF1313479EC8}.Release|Any CPU.Build.0 = Release|Any CPU
	EndGlobalSection
	GlobalSection(SolutionProperties) = preSolution
		HideSolutionNode = FALSE
	EndGlobalSection
	GlobalSection(ExtensibilityGlobals) = postSolution
		SolutionGuid = {04F29674-6771-4326-943A-82131D600948}
	EndGlobalSection
EndGlobal
